
Microsoft Visual Studio Solution File, Format Version 12.00
# Visual Studio Version 16
VisualStudioVersion = 16.0.32428.217
MinimumVisualStudioVersion = 10.0.40219.1
Project("{FAE04EC0-301F-11D3-BF4B-00C04F79EFBC}") = "WindowsFormsApp1", "WindowsFormsApp1\WindowsFormsApp1.csproj", "{5D9EECFC-5C0E-4057-9E02-D7016A541C45}"
EndProject
Global
	GlobalSection(SolutionConfigurationPlatforms) = preSolution
		Debug|Any CPU = Debug|Any CPU
		Release|Any CPU = Release|Any CPU
	EndGlobalSection
	GlobalSection(ProjectConfigurationPlatforms) = postSolution
		{5D9EECFC-5C0E-4057-9E02-D7016A541C45}.Debug|Any CPU.ActiveCfg = Debug|Any CPU
		{5D9EECFC-5C0E-4057-9E02-D7016A541C45}.Debug|Any CPU.Build.0 = Debug|Any CPU
		{5D9EECFC-5C0E-4057-9E02-D7016A541C45}.Release|Any CPU.ActiveCfg = Release|Any CPU
		{5D9EECFC-5C0E-4057-9E02-D7016A541C45}.Release|Any CPU.Build.0 = Release|Any CPU
	EndGlobalSection
	GlobalSection(SolutionProperties) = preSolution
		HideSolutionNode = FALSE
	EndGlobalSection
	GlobalSection(ExtensibilityGlobals) = postSolution
		SolutionGuid = {2ED90479-83D8-4958-96B2-43384A389F5B}
	EndGlobalSection
EndGlobal
